
Microsoft Visual Studio Solution File, Format Version 12.00
# Visual Studio Version 17
VisualStudioVersion = 17.2.32210.308
MinimumVisualStudioVersion = 10.0.40219.1
Project("{9A19103F-16F7-4668-BE54-9A1E7A4F7556}") = "Decova.Blazor.Dialogs", "Decova.Blazor.Dialog\Decova.Blazor.Dialogs.csproj", "{740F628B-E0A7-49B4-B971-2132C32CE7CA}"
EndProject
Project("{2150E333-8FDC-42A3-9474-1A3956D46DE8}") = "_Foundation", "_Foundation", "{0889D2FC-98A6-4CD8-BFEC-9050E4F63F73}"
EndProject
Project("{9A19103F-16F7-4668-BE54-9A1E7A4F7556}") = "Example2", "Example2\Example2.csproj", "{8FDD3AF6-F210-4826-B8C4-4A0D6B3FD2B7}"
EndProject
Project("{9A19103F-16F7-4668-BE54-9A1E7A4F7556}") = "Decova.Circuits", "..\Decova.Circuits\Decova.Circuits\Decova.Circuits.csproj", "{916A70AB-601C-413D-AD30-EA489745B20F}"
EndProject
Project("{9A19103F-16F7-4668-BE54-9A1E7A4F7556}") = "Decova.Blazor", "..\Decova.Blazor\Decova.Blazor.csproj", "{3C3DF1AA-09C3-4762-AB68-F0F8658774A3}"
EndProject
Project("{9A19103F-16F7-4668-BE54-9A1E7A4F7556}") = "Decova.DependencyInjection", "..\Decova.DependencyInjection\Decova.DI\Decova.DependencyInjection.csproj", "{19BF873F-0572-4D34-9B5C-F824498406E7}"
EndProject
Global
	GlobalSection(SolutionConfigurationPlatforms) = preSolution
		Debug|Any CPU = Debug|Any CPU
		Release|Any CPU = Release|Any CPU
	EndGlobalSection
	GlobalSection(ProjectConfigurationPlatforms) = postSolution
		{740F628B-E0A7-49B4-B971-2132C32CE7CA}.Debug|Any CPU.ActiveCfg = Debug|Any CPU
		{740F628B-E0A7-49B4-B971-2132C32CE7CA}.Debug|Any CPU.Build.0 = Debug|Any CPU
		{740F628B-E0A7-49B4-B971-2132C32CE7CA}.Release|Any CPU.ActiveCfg = Release|Any CPU
		{740F628B-E0A7-49B4-B971-2132C32CE7CA}.Release|Any CPU.Build.0 = Release|Any CPU
		{8FDD3AF6-F210-4826-B8C4-4A0D6B3FD2B7}.Debug|Any CPU.ActiveCfg = Debug|Any CPU
		{8FDD3AF6-F210-4826-B8C4-4A0D6B3FD2B7}.Debug|Any CPU.Build.0 = Debug|Any CPU
		{8FDD3AF6-F210-4826-B8C4-4A0D6B3FD2B7}.Release|Any CPU.ActiveCfg = Release|Any CPU
		{8FDD3AF6-F210-4826-B8C4-4A0D6B3FD2B7}.Release|Any CPU.Build.0 = Release|Any CPU
		{916A70AB-601C-413D-AD30-EA489745B20F}.Debug|Any CPU.ActiveCfg = Debug|Any CPU
		{916A70AB-601C-413D-AD30-EA489745B20F}.Debug|Any CPU.Build.0 = Debug|Any CPU
		{916A70AB-601C-413D-AD30-EA489745B20F}.Release|Any CPU.ActiveCfg = Release|Any CPU
		{916A70AB-601C-413D-AD30-EA489745B20F}.Release|Any CPU.Build.0 = Release|Any CPU
		{3C3DF1AA-09C3-4762-AB68-F0F8658774A3}.Debug|Any CPU.ActiveCfg = Debug|Any CPU
		{3C3DF1AA-09C3-4762-AB68-F0F8658774A3}.Debug|Any CPU.Build.0 = Debug|Any CPU
		{3C3DF1AA-09C3-4762-AB68-F0F8658774A3}.Release|Any CPU.ActiveCfg = Release|Any CPU
		{3C3DF1AA-09C3-4762-AB68-F0F8658774A3}.Release|Any CPU.Build.0 = Release|Any CPU
		{19BF873F-0572-4D34-9B5C-F824498406E7}.Debug|Any CPU.ActiveCfg = Debug|Any CPU
		{19BF873F-0572-4D34-9B5C-F824498406E7}.Debug|Any CPU.Build.0 = Debug|Any CPU
		{19BF873F-0572-4D34-9B5C-F824498406E7}.Release|Any CPU.ActiveCfg = Release|Any CPU
		{19BF873F-0572-4D34-9B5C-F824498406E7}.Release|Any CPU.Build.0 = Release|Any CPU
	EndGlobalSection
	GlobalSection(SolutionProperties) = preSolution
		HideSolutionNode = FALSE
	EndGlobalSection
	GlobalSection(NestedProjects) = preSolution
		{916A70AB-601C-413D-AD30-EA489745B20F} = {0889D2FC-98A6-4CD8-BFEC-9050E4F63F73}
		{3C3DF1AA-09C3-4762-AB68-F0F8658774A3} = {0889D2FC-98A6-4CD8-BFEC-9050E4F63F73}
		{19BF873F-0572-4D34-9B5C-F824498406E7} = {0889D2FC-98A6-4CD8-BFEC-9050E4F63F73}
	EndGlobalSection
	GlobalSection(ExtensibilityGlobals) = postSolution
		SolutionGuid = {92468D60-B910-4DAC-84D0-ADD0CE0DBFEE}
	EndGlobalSection
EndGlobal
